
Microsoft Visual Studio Solution File, Format Version 12.00
# Visual Studio 15
VisualStudioVersion = 15.0.28307.1525
MinimumVisualStudioVersion = 10.0.40219.1
Project("{FAE04EC0-301F-11D3-BF4B-00C04F79EFBC}") = "ProjectLibrary.Core", "ProjectLibrary.Core\ProjectLibrary.Core.csproj", "{DE003DD8-B6C4-4611-9E99-1CAC4C103828}"
EndProject
Project("{FAE04EC0-301F-11D3-BF4B-00C04F79EFBC}") = "ProjectLibrary.Data", "ProjectLibrary.Data\ProjectLibrary.Data.csproj", "{8E904841-671C-4C4C-84F8-989EAFAA5668}"
EndProject
Project("{FAE04EC0-301F-11D3-BF4B-00C04F79EFBC}") = "ProjectLibrary.Console", "ProjectLibrary.Console\ProjectLibrary.Console.csproj", "{422A6C37-192B-4F09-9693-DFC80B6D7ACA}"
EndProject
Project("{FAE04EC0-301F-11D3-BF4B-00C04F79EFBC}") = "ProjectLibrary.Admin", "ProjectLibrary.Admin\ProjectLibrary.Admin.csproj", "{4D920EE4-A2D9-42D2-BD7F-C3C45E17612E}"
EndProject
Global
	GlobalSection(SolutionConfigurationPlatforms) = preSolution
		Debug|Any CPU = Debug|Any CPU
		Release|Any CPU = Release|Any CPU
	EndGlobalSection
	GlobalSection(ProjectConfigurationPlatforms) = postSolution
		{DE003DD8-B6C4-4611-9E99-1CAC4C103828}.Debug|Any CPU.ActiveCfg = Debug|Any CPU
		{DE003DD8-B6C4-4611-9E99-1CAC4C103828}.Debug|Any CPU.Build.0 = Debug|Any CPU
		{DE003DD8-B6C4-4611-9E99-1CAC4C103828}.Release|Any CPU.ActiveCfg = Release|Any CPU
		{DE003DD8-B6C4-4611-9E99-1CAC4C103828}.Release|Any CPU.Build.0 = Release|Any CPU
		{8E904841-671C-4C4C-84F8-989EAFAA5668}.Debug|Any CPU.ActiveCfg = Debug|Any CPU
		{8E904841-671C-4C4C-84F8-989EAFAA5668}.Debug|Any CPU.Build.0 = Debug|Any CPU
		{8E904841-671C-4C4C-84F8-989EAFAA5668}.Release|Any CPU.ActiveCfg = Release|Any CPU
		{8E904841-671C-4C4C-84F8-989EAFAA5668}.Release|Any CPU.Build.0 = Release|Any CPU
		{422A6C37-192B-4F09-9693-DFC80B6D7ACA}.Debug|Any CPU.ActiveCfg = Debug|Any CPU
		{422A6C37-192B-4F09-9693-DFC80B6D7ACA}.Debug|Any CPU.Build.0 = Debug|Any CPU
		{422A6C37-192B-4F09-9693-DFC80B6D7ACA}.Release|Any CPU.ActiveCfg = Release|Any CPU
		{422A6C37-192B-4F09-9693-DFC80B6D7ACA}.Release|Any CPU.Build.0 = Release|Any CPU
		{4D920EE4-A2D9-42D2-BD7F-C3C45E17612E}.Debug|Any CPU.ActiveCfg = Debug|Any CPU
		{4D920EE4-A2D9-42D2-BD7F-C3C45E17612E}.Debug|Any CPU.Build.0 = Debug|Any CPU
		{4D920EE4-A2D9-42D2-BD7F-C3C45E17612E}.Release|Any CPU.ActiveCfg = Release|Any CPU
		{4D920EE4-A2D9-42D2-BD7F-C3C45E17612E}.Release|Any CPU.Build.0 = Release|Any CPU
	EndGlobalSection
	GlobalSection(SolutionProperties) = preSolution
		HideSolutionNode = FALSE
	EndGlobalSection
	GlobalSection(ExtensibilityGlobals) = postSolution
		SolutionGuid = {CC7B9181-9E98-4D37-B11D-0BD40762B761}
	EndGlobalSection
EndGlobal
